
Microsoft Visual Studio Solution File, Format Version 12.00
# Visual Studio 15
VisualStudioVersion = 15.0.26430.15
MinimumVisualStudioVersion = 10.0.40219.1
Project("{FAE04EC0-301F-11D3-BF4B-00C04F79EFBC}") = "HayateExplorer", "HayateExplorer\HayateExplorer.csproj", "{0F2537D1-183D-41CF-BF80-BCFB3AD80808}"
EndProject
Project("{FAE04EC0-301F-11D3-BF4B-00C04F79EFBC}") = "HayateManager", "HayateManager\HayateManager.csproj", "{A24FC4A1-6B46-4F8C-8045-21EF26B69E14}"
EndProject
Global
	GlobalSection(SolutionConfigurationPlatforms) = preSolution
		Debug|Any CPU = Debug|Any CPU
		Release|Any CPU = Release|Any CPU
	EndGlobalSection
	GlobalSection(ProjectConfigurationPlatforms) = postSolution
		{0F2537D1-183D-41CF-BF80-BCFB3AD80808}.Debug|Any CPU.ActiveCfg = Debug|Any CPU
		{0F2537D1-183D-41CF-BF80-BCFB3AD80808}.Debug|Any CPU.Build.0 = Debug|Any CPU
		{0F2537D1-183D-41CF-BF80-BCFB3AD80808}.Release|Any CPU.ActiveCfg = Release|Any CPU
		{0F2537D1-183D-41CF-BF80-BCFB3AD80808}.Release|Any CPU.Build.0 = Release|Any CPU
		{A24FC4A1-6B46-4F8C-8045-21EF26B69E14}.Debug|Any CPU.ActiveCfg = Debug|Any CPU
		{A24FC4A1-6B46-4F8C-8045-21EF26B69E14}.Debug|Any CPU.Build.0 = Debug|Any CPU
		{A24FC4A1-6B46-4F8C-8045-21EF26B69E14}.Release|Any CPU.ActiveCfg = Release|Any CPU
		{A24FC4A1-6B46-4F8C-8045-21EF26B69E14}.Release|Any CPU.Build.0 = Release|Any CPU
	EndGlobalSection
	GlobalSection(SolutionProperties) = preSolution
		HideSolutionNode = FALSE
	EndGlobalSection
EndGlobal
